
Microsoft Visual Studio Solution File, Format Version 12.00
# Visual Studio Version 16
VisualStudioVersion = 16.0.31424.327
MinimumVisualStudioVersion = 10.0.40219.1
Project("{9A19103F-16F7-4668-BE54-9A1E7A4F7556}") = "Onsurveyline", "Onsurveyline\Onsurveyline.csproj", "{25A4BEA4-446E-4E64-B5BA-04E18FAACB5A}"
EndProject
Global
	GlobalSection(SolutionConfigurationPlatforms) = preSolution
		Debug|Any CPU = Debug|Any CPU
		Release|Any CPU = Release|Any CPU
	EndGlobalSection
	GlobalSection(ProjectConfigurationPlatforms) = postSolution
		{25A4BEA4-446E-4E64-B5BA-04E18FAACB5A}.Debug|Any CPU.ActiveCfg = Debug|Any CPU
		{25A4BEA4-446E-4E64-B5BA-04E18FAACB5A}.Debug|Any CPU.Build.0 = Debug|Any CPU
		{25A4BEA4-446E-4E64-B5BA-04E18FAACB5A}.Release|Any CPU.ActiveCfg = Release|Any CPU
		{25A4BEA4-446E-4E64-B5BA-04E18FAACB5A}.Release|Any CPU.Build.0 = Release|Any CPU
	EndGlobalSection
	GlobalSection(SolutionProperties) = preSolution
		HideSolutionNode = FALSE
	EndGlobalSection
	GlobalSection(ExtensibilityGlobals) = postSolution
		SolutionGuid = {6E581BF3-88BD-48F7-A6CE-317C8E90E9BA}
	EndGlobalSection
EndGlobal
